
Microsoft Visual Studio Solution File, Format Version 12.00
# Visual Studio 14
VisualStudioVersion = 14.0.22823.1
MinimumVisualStudioVersion = 10.0.40219.1
Project("{FAE04EC0-301F-11D3-BF4B-00C04F79EFBC}") = "Enigma", "Enigma\Enigma.csproj", "{E7C42CB1-0B34-4556-B61E-B25D3813B12E}"
EndProject
Project("{FAE04EC0-301F-11D3-BF4B-00C04F79EFBC}") = "Enigma.Console", "Enigma.Console\Enigma.Console.csproj", "{F3FAC888-9962-48C8-9404-BE7748F8E566}"
EndProject
Project("{FAE04EC0-301F-11D3-BF4B-00C04F79EFBC}") = "Enigma.Test", "Enigma.Test\Enigma.Test.csproj", "{3854AAAD-C220-4FDF-B876-01D01DE91FE3}"
EndProject
Global
	GlobalSection(SolutionConfigurationPlatforms) = preSolution
		Debug|Any CPU = Debug|Any CPU
		Release|Any CPU = Release|Any CPU
	EndGlobalSection
	GlobalSection(ProjectConfigurationPlatforms) = postSolution
		{E7C42CB1-0B34-4556-B61E-B25D3813B12E}.Debug|Any CPU.ActiveCfg = Debug|Any CPU
		{E7C42CB1-0B34-4556-B61E-B25D3813B12E}.Debug|Any CPU.Build.0 = Debug|Any CPU
		{E7C42CB1-0B34-4556-B61E-B25D3813B12E}.Release|Any CPU.ActiveCfg = Release|Any CPU
		{E7C42CB1-0B34-4556-B61E-B25D3813B12E}.Release|Any CPU.Build.0 = Release|Any CPU
		{F3FAC888-9962-48C8-9404-BE7748F8E566}.Debug|Any CPU.ActiveCfg = Debug|Any CPU
		{F3FAC888-9962-48C8-9404-BE7748F8E566}.Debug|Any CPU.Build.0 = Debug|Any CPU
		{F3FAC888-9962-48C8-9404-BE7748F8E566}.Release|Any CPU.ActiveCfg = Release|Any CPU
		{F3FAC888-9962-48C8-9404-BE7748F8E566}.Release|Any CPU.Build.0 = Release|Any CPU
		{3854AAAD-C220-4FDF-B876-01D01DE91FE3}.Debug|Any CPU.ActiveCfg = Debug|Any CPU
		{3854AAAD-C220-4FDF-B876-01D01DE91FE3}.Debug|Any CPU.Build.0 = Debug|Any CPU
		{3854AAAD-C220-4FDF-B876-01D01DE91FE3}.Release|Any CPU.ActiveCfg = Release|Any CPU
		{3854AAAD-C220-4FDF-B876-01D01DE91FE3}.Release|Any CPU.Build.0 = Release|Any CPU
	EndGlobalSection
	GlobalSection(SolutionProperties) = preSolution
		HideSolutionNode = FALSE
	EndGlobalSection
EndGlobal
